// !$*UTF8*$!
{
	archiveVersion = 1;
	classes = {
	};
	objectVersion = 46;
	objects = {

/* Begin PBXBuildFile section */
		A0323995189A2FB6006DA6C1 /* xenherder-mockup.c in Sources */ = {isa = PBXBuildFile; fileRef = A0323994189A2FAD006DA6C1 /* xenherder-mockup.c */; };
		A07C8C1D18A3764200F8C37C /* libcarrdm.a in Frameworks */ = {isa = PBXBuildFile; fileRef = A07C8C1618A3762300F8C37C /* libcarrdm.a */; };
		A0B412EC1898799500A6E780 /* libxenherder.h in Headers */ = {isa = PBXBuildFile; fileRef = A0B412EB1898799500A6E780 /* libxenherder.h */; };
		A0B4130918988F6000A6E780 /* ctx.c in Sources */ = {isa = PBXBuildFile; fileRef = A0B412FF18988EF100A6E780 /* ctx.c */; };
		A0B4130A18988F6000A6E780 /* ctx.h in Headers */ = {isa = PBXBuildFile; fileRef = A0B4130018988EF100A6E780 /* ctx.h */; };
		A0B4130B18988F6400A6E780 /* libxlstub.h in Headers */ = {isa = PBXBuildFile; fileRef = A0B412F518988C6100A6E780 /* libxlstub.h */; };
		A0B4130C18988F6900A6E780 /* libxl.h in Headers */ = {isa = PBXBuildFile; fileRef = A0B412F918988DFD00A6E780 /* libxl.h */; };
		A0B4130D18988F6900A6E780 /* libxl_utils.h in Headers */ = {isa = PBXBuildFile; fileRef = A0B412FA18988DFD00A6E780 /* libxl_utils.h */; };
		A0B4130E1898905C00A6E780 /* xenherder.h in Headers */ = {isa = PBXBuildFile; fileRef = A0F4AEB118986FC50076CCA3 /* xenherder.h */; };
		A0B41323189891AA00A6E780 /* libxenherder.dylib in Frameworks */ = {isa = PBXBuildFile; fileRef = A0F685771893220C0005BCE2 /* libxenherder.dylib */; };
		A0B41324189891AA00A6E780 /* libxlstub.a in Frameworks */ = {isa = PBXBuildFile; fileRef = A0B4130518988F0400A6E780 /* libxlstub.a */; };
		A0B41327189891B800A6E780 /* libxlstub.a in Frameworks */ = {isa = PBXBuildFile; fileRef = A0B4130518988F0400A6E780 /* libxlstub.a */; };
		A0B4132A1898DA6F00A6E780 /* domain.c in Sources */ = {isa = PBXBuildFile; fileRef = A0B413291898DA6F00A6E780 /* domain.c */; };
		A0B4132C1898DA8400A6E780 /* domain.h in Headers */ = {isa = PBXBuildFile; fileRef = A0B4132B1898DA8400A6E780 /* domain.h */; };
		A0B4132F1898E4EF00A6E780 /* physinfo.c in Sources */ = {isa = PBXBuildFile; fileRef = A0B4132D1898E4EF00A6E780 /* physinfo.c */; };
		A0B413301898E4EF00A6E780 /* physinfo.h in Headers */ = {isa = PBXBuildFile; fileRef = A0B4132E1898E4EF00A6E780 /* physinfo.h */; };
		A0E3BAE318B163280037DADD /* file.c in Sources */ = {isa = PBXBuildFile; fileRef = A0E3BAE118B163280037DADD /* file.c */; };
		A0E3BAE418B163280037DADD /* file.h in Headers */ = {isa = PBXBuildFile; fileRef = A0E3BAE218B163280037DADD /* file.h */; };
		A0F4AEB218986FC50076CCA3 /* xenherder.h in Headers */ = {isa = PBXBuildFile; fileRef = A0F4AEB118986FC50076CCA3 /* xenherder.h */; };
		A0F4AEB7189874500076CCA3 /* version.c in Sources */ = {isa = PBXBuildFile; fileRef = A0F4AEB3189874500076CCA3 /* version.c */; };
		A0F4AEB8189874500076CCA3 /* version.h in Headers */ = {isa = PBXBuildFile; fileRef = A0F4AEB4189874500076CCA3 /* version.h */; };
		A0F6857D1893223C0005BCE2 /* cgi.c in Sources */ = {isa = PBXBuildFile; fileRef = A0F6857C1893223C0005BCE2 /* cgi.c */; };
		A0F6857F1893225C0005BCE2 /* cgi.h in Headers */ = {isa = PBXBuildFile; fileRef = A0F6857E1893225C0005BCE2 /* cgi.h */; };
/* End PBXBuildFile section */

/* Begin PBXContainerItemProxy section */
		A07C8C1518A3762300F8C37C /* PBXContainerItemProxy */ = {
			isa = PBXContainerItemProxy;
			containerPortal = A07C8C0918A3762300F8C37C /* carrdm.xcodeproj */;
			proxyType = 2;
			remoteGlobalIDString = A0F618D717E93D0500D7B9D6;
			remoteInfo = "carrdm-ios";
		};
		A07C8C1718A3762300F8C37C /* PBXContainerItemProxy */ = {
			isa = PBXContainerItemProxy;
			containerPortal = A07C8C0918A3762300F8C37C /* carrdm.xcodeproj */;
			proxyType = 2;
			remoteGlobalIDString = A0F6190417E93D9000D7B9D6;
			remoteInfo = "carrdm-osx";
		};
		A07C8C1918A3762300F8C37C /* PBXContainerItemProxy */ = {
			isa = PBXContainerItemProxy;
			containerPortal = A07C8C0918A3762300F8C37C /* carrdm.xcodeproj */;
			proxyType = 2;
			remoteGlobalIDString = A0C06D2F17DB7E30000DCB6A;
			remoteInfo = "test-array01";
		};
		A07C8C1B18A3763B00F8C37C /* PBXContainerItemProxy */ = {
			isa = PBXContainerItemProxy;
			containerPortal = A07C8C0918A3762300F8C37C /* carrdm.xcodeproj */;
			proxyType = 1;
			remoteGlobalIDString = A0F6190317E93D9000D7B9D6;
			remoteInfo = "carrdm-osx";
		};
		A0B4131F189891A100A6E780 /* PBXContainerItemProxy */ = {
			isa = PBXContainerItemProxy;
			containerPortal = A0D286081892013300A37C4D /* Project object */;
			proxyType = 1;
			remoteGlobalIDString = A0F685761893220C0005BCE2;
			remoteInfo = xenherder;
		};
		A0B41321189891A100A6E780 /* PBXContainerItemProxy */ = {
			isa = PBXContainerItemProxy;
			containerPortal = A0D286081892013300A37C4D /* Project object */;
			proxyType = 1;
			remoteGlobalIDString = A0B4130418988F0400A6E780;
			remoteInfo = xlstub;
		};
		A0B41325189891B100A6E780 /* PBXContainerItemProxy */ = {
			isa = PBXContainerItemProxy;
			containerPortal = A0D286081892013300A37C4D /* Project object */;
			proxyType = 1;
			remoteGlobalIDString = A0B4130418988F0400A6E780;
			remoteInfo = xlstub;
		};
		A0F68562189201DB0005BCE2 /* PBXContainerItemProxy */ = {
			isa = PBXContainerItemProxy;
			containerPortal = A0F6855B189201DB0005BCE2 /* bindletools.xcodeproj */;
			proxyType = 2;
			remoteGlobalIDString = A01156E9175B0118008E66FA;
			remoteInfo = bindle;
		};
/* End PBXContainerItemProxy section */

/* Begin PBXCopyFilesBuildPhase section */
		A0B413111898916200A6E780 /* CopyFiles */ = {
			isa = PBXCopyFilesBuildPhase;
			buildActionMask = 2147483647;
			dstPath = /usr/share/man/man1/;
			dstSubfolderSpec = 0;
			files = (
			);
			runOnlyForDeploymentPostprocessing = 1;
		};
/* End PBXCopyFilesBuildPhase section */

/* Begin PBXFileReference section */
		A0323989189A2FAD006DA6C1 /* jquery.min.js */ = {isa = PBXFileReference; lastKnownFileType = sourcecode.javascript; path = jquery.min.js; sourceTree = "<group>"; };
		A032398A189A2FAD006DA6C1 /* jquery.tablesorter.min.js */ = {isa = PBXFileReference; lastKnownFileType = sourcecode.javascript; path = jquery.tablesorter.min.js; sourceTree = "<group>"; };
		A032398B189A2FAD006DA6C1 /* xenherder.js */ = {isa = PBXFileReference; lastKnownFileType = sourcecode.javascript; path = xenherder.js; sourceTree = "<group>"; };
		A032398E189A2FAD006DA6C1 /* asc.gif */ = {isa = PBXFileReference; lastKnownFileType = image.gif; path = asc.gif; sourceTree = "<group>"; };
		A032398F189A2FAD006DA6C1 /* bg.gif */ = {isa = PBXFileReference; lastKnownFileType = image.gif; path = bg.gif; sourceTree = "<group>"; };
		A0323990189A2FAD006DA6C1 /* desc.gif */ = {isa = PBXFileReference; lastKnownFileType = image.gif; path = desc.gif; sourceTree = "<group>"; };
		A0323991189A2FAD006DA6C1 /* xenherder.css */ = {isa = PBXFileReference; indentWidth = 8; lastKnownFileType = text.css; path = xenherder.css; sourceTree = "<group>"; tabWidth = 8; usesTabs = 1; };
		A0323992189A2FAD006DA6C1 /* xenherder.html */ = {isa = PBXFileReference; lastKnownFileType = text.html; path = xenherder.html; sourceTree = "<group>"; };
		A0323994189A2FAD006DA6C1 /* xenherder-mockup.c */ = {isa = PBXFileReference; lastKnownFileType = sourcecode.c.c; path = "xenherder-mockup.c"; sourceTree = "<group>"; };
		A07C8C0918A3762300F8C37C /* carrdm.xcodeproj */ = {isa = PBXFileReference; lastKnownFileType = "wrapper.pb-project"; name = carrdm.xcodeproj; path = carrdm/carrdm.xcodeproj; sourceTree = "<group>"; };
		A0B412EB1898799500A6E780 /* libxenherder.h */ = {isa = PBXFileReference; fileEncoding = 4; lastKnownFileType = sourcecode.c.h; path = libxenherder.h; sourceTree = "<group>"; };
		A0B412F518988C6100A6E780 /* libxlstub.h */ = {isa = PBXFileReference; lastKnownFileType = sourcecode.c.h; path = libxlstub.h; sourceTree = "<group>"; };
		A0B412F618988C6100A6E780 /* libxlstub.sym */ = {isa = PBXFileReference; explicitFileType = text.script; path = libxlstub.sym; sourceTree = "<group>"; };
		A0B412F918988DFD00A6E780 /* libxl.h */ = {isa = PBXFileReference; lastKnownFileType = sourcecode.c.h; path = libxl.h; sourceTree = "<group>"; };
		A0B412FA18988DFD00A6E780 /* libxl_utils.h */ = {isa = PBXFileReference; lastKnownFileType = sourcecode.c.h; path = libxl_utils.h; sourceTree = "<group>"; };
		A0B412FF18988EF100A6E780 /* ctx.c */ = {isa = PBXFileReference; lastKnownFileType = sourcecode.c.c; path = ctx.c; sourceTree = "<group>"; };
		A0B4130018988EF100A6E780 /* ctx.h */ = {isa = PBXFileReference; lastKnownFileType = sourcecode.c.h; path = ctx.h; sourceTree = "<group>"; };
		A0B4130518988F0400A6E780 /* libxlstub.a */ = {isa = PBXFileReference; explicitFileType = archive.ar; includeInIndex = 0; path = libxlstub.a; sourceTree = BUILT_PRODUCTS_DIR; };
		A0B413131898916200A6E780 /* xenherder-mockup.cgi */ = {isa = PBXFileReference; explicitFileType = "compiled.mach-o.executable"; includeInIndex = 0; path = "xenherder-mockup.cgi"; sourceTree = BUILT_PRODUCTS_DIR; };
		A0B413291898DA6F00A6E780 /* domain.c */ = {isa = PBXFileReference; fileEncoding = 4; lastKnownFileType = sourcecode.c.c; path = domain.c; sourceTree = "<group>"; };
		A0B4132B1898DA8400A6E780 /* domain.h */ = {isa = PBXFileReference; fileEncoding = 4; lastKnownFileType = sourcecode.c.h; path = domain.h; sourceTree = "<group>"; };
		A0B4132D1898E4EF00A6E780 /* physinfo.c */ = {isa = PBXFileReference; fileEncoding = 4; lastKnownFileType = sourcecode.c.c; path = physinfo.c; sourceTree = "<group>"; };
		A0B4132E1898E4EF00A6E780 /* physinfo.h */ = {isa = PBXFileReference; fileEncoding = 4; lastKnownFileType = sourcecode.c.h; path = physinfo.h; sourceTree = "<group>"; };
		A0E3BAE118B163280037DADD /* file.c */ = {isa = PBXFileReference; fileEncoding = 4; lastKnownFileType = sourcecode.c.c; path = file.c; sourceTree = "<group>"; };
		A0E3BAE218B163280037DADD /* file.h */ = {isa = PBXFileReference; fileEncoding = 4; lastKnownFileType = sourcecode.c.h; path = file.h; sourceTree = "<group>"; };
		A0F4AEB118986FC50076CCA3 /* xenherder.h */ = {isa = PBXFileReference; explicitFileType = sourcecode.c.h; fileEncoding = 4; path = xenherder.h; sourceTree = "<group>"; };
		A0F4AEB3189874500076CCA3 /* version.c */ = {isa = PBXFileReference; fileEncoding = 4; lastKnownFileType = sourcecode.c.c; path = version.c; sourceTree = "<group>"; };
		A0F4AEB4189874500076CCA3 /* version.h */ = {isa = PBXFileReference; fileEncoding = 4; lastKnownFileType = sourcecode.c.h; path = version.h; sourceTree = "<group>"; };
		A0F4AEB6189874500076CCA3 /* libxenherder.sym */ = {isa = PBXFileReference; explicitFileType = text.script; fileEncoding = 4; path = libxenherder.sym; sourceTree = "<group>"; };
		A0F684D1189201730005BCE2 /* AUTHORS */ = {isa = PBXFileReference; lastKnownFileType = text; path = AUTHORS; sourceTree = "<group>"; };
		A0F684D2189201730005BCE2 /* COPYING */ = {isa = PBXFileReference; lastKnownFileType = text; path = COPYING; sourceTree = "<group>"; };
		A0F684D3189201730005BCE2 /* ChangeLog */ = {isa = PBXFileReference; lastKnownFileType = text; path = ChangeLog; sourceTree = "<group>"; };
		A0F684D5189201730005BCE2 /* Makefile.am */ = {isa = PBXFileReference; explicitFileType = sourcecode.make; indentWidth = 8; path = Makefile.am; sourceTree = "<group>"; tabWidth = 8; usesTabs = 1; };
		A0F684D7189201730005BCE2 /* NEWS */ = {isa = PBXFileReference; lastKnownFileType = text; path = NEWS; sourceTree = "<group>"; };
		A0F684D9189201730005BCE2 /* README.md */ = {isa = PBXFileReference; lastKnownFileType = text; path = README.md; sourceTree = "<group>"; };
		A0F684DA189201730005BCE2 /* acinclude.m4 */ = {isa = PBXFileReference; explicitFileType = text.script; path = acinclude.m4; sourceTree = "<group>"; };
		A0F684DC189201730005BCE2 /* autogen.sh */ = {isa = PBXFileReference; lastKnownFileType = text.script.sh; path = autogen.sh; sourceTree = "<group>"; };
		A0F684E3189201730005BCE2 /* git-tar-name.txt */ = {isa = PBXFileReference; lastKnownFileType = text; path = "git-tar-name.txt"; sourceTree = "<group>"; };
		A0F684EB189201730005BCE2 /* configure.ac */ = {isa = PBXFileReference; explicitFileType = text.script; path = configure.ac; sourceTree = "<group>"; };
		A0F68536189201730005BCE2 /* cgi-pathinfo.md */ = {isa = PBXFileReference; lastKnownFileType = text; path = "cgi-pathinfo.md"; sourceTree = "<group>"; };
		A0F68537189201730005BCE2 /* terms.md */ = {isa = PBXFileReference; lastKnownFileType = text; path = terms.md; sourceTree = "<group>"; };
		A0F6855B189201DB0005BCE2 /* bindletools.xcodeproj */ = {isa = PBXFileReference; lastKnownFileType = "wrapper.pb-project"; name = bindletools.xcodeproj; path = bindletools/bindletools.xcodeproj; sourceTree = "<group>"; };
		A0F685771893220C0005BCE2 /* libxenherder.dylib */ = {isa = PBXFileReference; explicitFileType = "compiled.mach-o.dylib"; includeInIndex = 0; path = libxenherder.dylib; sourceTree = BUILT_PRODUCTS_DIR; };
		A0F6857C1893223C0005BCE2 /* cgi.c */ = {isa = PBXFileReference; fileEncoding = 4; lastKnownFileType = sourcecode.c.c; path = cgi.c; sourceTree = "<group>"; };
		A0F6857E1893225C0005BCE2 /* cgi.h */ = {isa = PBXFileReference; fileEncoding = 4; lastKnownFileType = sourcecode.c.h; path = cgi.h; sourceTree = "<group>"; };
/* End PBXFileReference section */

/* Begin PBXFrameworksBuildPhase section */
		A0B4130218988F0400A6E780 /* Frameworks */ = {
			isa = PBXFrameworksBuildPhase;
			buildActionMask = 2147483647;
			files = (
			);
			runOnlyForDeploymentPostprocessing = 0;
		};
		A0B413101898916200A6E780 /* Frameworks */ = {
			isa = PBXFrameworksBuildPhase;
			buildActionMask = 2147483647;
			files = (
				A0B41323189891AA00A6E780 /* libxenherder.dylib in Frameworks */,
				A0B41324189891AA00A6E780 /* libxlstub.a in Frameworks */,
			);
			runOnlyForDeploymentPostprocessing = 0;
		};
		A0F685741893220C0005BCE2 /* Frameworks */ = {
			isa = PBXFrameworksBuildPhase;
			buildActionMask = 2147483647;
			files = (
				A07C8C1D18A3764200F8C37C /* libcarrdm.a in Frameworks */,
				A0B41327189891B800A6E780 /* libxlstub.a in Frameworks */,
			);
			runOnlyForDeploymentPostprocessing = 0;
		};
/* End PBXFrameworksBuildPhase section */

/* Begin PBXGroup section */
		A0323988189A2FAD006DA6C1 /* js */ = {
			isa = PBXGroup;
			children = (
				A0323989189A2FAD006DA6C1 /* jquery.min.js */,
				A032398A189A2FAD006DA6C1 /* jquery.tablesorter.min.js */,
				A032398B189A2FAD006DA6C1 /* xenherder.js */,
			);
			path = js;
			sourceTree = "<group>";
		};
		A032398C189A2FAD006DA6C1 /* default */ = {
			isa = PBXGroup;
			children = (
				A032398E189A2FAD006DA6C1 /* asc.gif */,
				A032398F189A2FAD006DA6C1 /* bg.gif */,
				A0323990189A2FAD006DA6C1 /* desc.gif */,
				A0323991189A2FAD006DA6C1 /* xenherder.css */,
				A0323992189A2FAD006DA6C1 /* xenherder.html */,
			);
			path = default;
			sourceTree = "<group>";
		};
		A0323993189A2FAD006DA6C1 /* xenherder-mockup */ = {
			isa = PBXGroup;
			children = (
				A0323994189A2FAD006DA6C1 /* xenherder-mockup.c */,
			);
			path = "xenherder-mockup";
			sourceTree = "<group>";
		};
		A07C8C0A18A3762300F8C37C /* Products */ = {
			isa = PBXGroup;
			children = (
				A07C8C1618A3762300F8C37C /* libcarrdm.a */,
				A07C8C1818A3762300F8C37C /* libcarrdm.a */,
				A07C8C1A18A3762300F8C37C /* test-array01 */,
			);
			name = Products;
			sourceTree = "<group>";
		};
		A0B412F118988BE100A6E780 /* libxlstub */ = {
			isa = PBXGroup;
			children = (
				A0B412F518988C6100A6E780 /* libxlstub.h */,
				A0B412F618988C6100A6E780 /* libxlstub.sym */,
				A0B412FF18988EF100A6E780 /* ctx.c */,
				A0B4130018988EF100A6E780 /* ctx.h */,
				A0B413291898DA6F00A6E780 /* domain.c */,
				A0B4132B1898DA8400A6E780 /* domain.h */,
				A0B4132D1898E4EF00A6E780 /* physinfo.c */,
				A0B4132E1898E4EF00A6E780 /* physinfo.h */,
			);
			path = libxlstub;
			sourceTree = "<group>";
		};
		A0B412F818988DFD00A6E780 /* libxlstub */ = {
			isa = PBXGroup;
			children = (
				A0B412F918988DFD00A6E780 /* libxl.h */,
				A0B412FA18988DFD00A6E780 /* libxl_utils.h */,
			);
			path = libxlstub;
			sourceTree = "<group>";
		};
		A0D286071892013300A37C4D = {
			isa = PBXGroup;
			children = (
				A0F684CE189201730005BCE2 /* xenherder */,
				A0F685781893220C0005BCE2 /* Products */,
			);
			sourceTree = "<group>";
		};
		A0E3BAD818B15E6C0037DADD /* html */ = {
			isa = PBXGroup;
			children = (
				A0E3BAE018B15E7E0037DADD /* themes */,
				A0323988189A2FAD006DA6C1 /* js */,
			);
			path = html;
			sourceTree = "<group>";
		};
		A0E3BAE018B15E7E0037DADD /* themes */ = {
			isa = PBXGroup;
			children = (
				A032398C189A2FAD006DA6C1 /* default */,
			);
			path = themes;
			sourceTree = "<group>";
		};
		A0F684CE189201730005BCE2 /* xenherder */ = {
			isa = PBXGroup;
			children = (
				A0F684D1189201730005BCE2 /* AUTHORS */,
				A0F684D2189201730005BCE2 /* COPYING */,
				A0F684D3189201730005BCE2 /* ChangeLog */,
				A0F684D5189201730005BCE2 /* Makefile.am */,
				A0F684D7189201730005BCE2 /* NEWS */,
				A0F684D9189201730005BCE2 /* README.md */,
				A0F684DA189201730005BCE2 /* acinclude.m4 */,
				A0F684DC189201730005BCE2 /* autogen.sh */,
				A0F684EB189201730005BCE2 /* configure.ac */,
				A0F684DE189201730005BCE2 /* build-aux */,
				A0F684EC189201730005BCE2 /* contrib */,
				A0F68535189201730005BCE2 /* docs */,
				A0F6853C189201730005BCE2 /* include */,
				A0F6856A1892544E0005BCE2 /* lib */,
				A0F68541189201730005BCE2 /* m4 */,
				A0F68548189201730005BCE2 /* src */,
			);
			name = xenherder;
			path = ..;
			sourceTree = "<group>";
		};
		A0F684DE189201730005BCE2 /* build-aux */ = {
			isa = PBXGroup;
			children = (
				A0F684E3189201730005BCE2 /* git-tar-name.txt */,
			);
			path = "build-aux";
			sourceTree = "<group>";
		};
		A0F684EC189201730005BCE2 /* contrib */ = {
			isa = PBXGroup;
			children = (
				A0F6855B189201DB0005BCE2 /* bindletools.xcodeproj */,
				A07C8C0918A3762300F8C37C /* carrdm.xcodeproj */,
			);
			path = contrib;
			sourceTree = "<group>";
		};
		A0F68535189201730005BCE2 /* docs */ = {
			isa = PBXGroup;
			children = (
				A0F68536189201730005BCE2 /* cgi-pathinfo.md */,
				A0F68537189201730005BCE2 /* terms.md */,
			);
			path = docs;
			sourceTree = "<group>";
		};
		A0F6853C189201730005BCE2 /* include */ = {
			isa = PBXGroup;
			children = (
				A0F4AEB118986FC50076CCA3 /* xenherder.h */,
				A0B412F818988DFD00A6E780 /* libxlstub */,
			);
			path = include;
			sourceTree = "<group>";
		};
		A0F68541189201730005BCE2 /* m4 */ = {
			isa = PBXGroup;
			children = (
			);
			path = m4;
			sourceTree = "<group>";
		};
		A0F68548189201730005BCE2 /* src */ = {
			isa = PBXGroup;
			children = (
				A0E3BAD818B15E6C0037DADD /* html */,
				A0323993189A2FAD006DA6C1 /* xenherder-mockup */,
			);
			path = src;
			sourceTree = "<group>";
		};
		A0F6855C189201DB0005BCE2 /* Products */ = {
			isa = PBXGroup;
			children = (
				A0F68563189201DB0005BCE2 /* libbindle.a */,
			);
			name = Products;
			sourceTree = "<group>";
		};
		A0F6856A1892544E0005BCE2 /* lib */ = {
			isa = PBXGroup;
			children = (
				A0F6856B1892544E0005BCE2 /* libxenherder */,
				A0B412F118988BE100A6E780 /* libxlstub */,
			);
			path = lib;
			sourceTree = "<group>";
		};
		A0F6856B1892544E0005BCE2 /* libxenherder */ = {
			isa = PBXGroup;
			children = (
				A0B412EB1898799500A6E780 /* libxenherder.h */,
				A0F4AEB6189874500076CCA3 /* libxenherder.sym */,
				A0F6857C1893223C0005BCE2 /* cgi.c */,
				A0F6857E1893225C0005BCE2 /* cgi.h */,
				A0E3BAE118B163280037DADD /* file.c */,
				A0E3BAE218B163280037DADD /* file.h */,
				A0F4AEB3189874500076CCA3 /* version.c */,
				A0F4AEB4189874500076CCA3 /* version.h */,
			);
			path = libxenherder;
			sourceTree = "<group>";
		};
		A0F685781893220C0005BCE2 /* Products */ = {
			isa = PBXGroup;
			children = (
				A0F685771893220C0005BCE2 /* libxenherder.dylib */,
				A0B4130518988F0400A6E780 /* libxlstub.a */,
				A0B413131898916200A6E780 /* xenherder-mockup.cgi */,
			);
			name = Products;
			sourceTree = "<group>";
		};
/* End PBXGroup section */

/* Begin PBXHeadersBuildPhase section */
		A0B4130318988F0400A6E780 /* Headers */ = {
			isa = PBXHeadersBuildPhase;
			buildActionMask = 2147483647;
			files = (
				A0B4130C18988F6900A6E780 /* libxl.h in Headers */,
				A0B4130B18988F6400A6E780 /* libxlstub.h in Headers */,
				A0B4130D18988F6900A6E780 /* libxl_utils.h in Headers */,
				A0B4130E1898905C00A6E780 /* xenherder.h in Headers */,
				A0B413301898E4EF00A6E780 /* physinfo.h in Headers */,
				A0B4132C1898DA8400A6E780 /* domain.h in Headers */,
				A0B4130A18988F6000A6E780 /* ctx.h in Headers */,
			);
			runOnlyForDeploymentPostprocessing = 0;
		};
		A0F685751893220C0005BCE2 /* Headers */ = {
			isa = PBXHeadersBuildPhase;
			buildActionMask = 2147483647;
			files = (
				A0E3BAE418B163280037DADD /* file.h in Headers */,
				A0F4AEB8189874500076CCA3 /* version.h in Headers */,
				A0F4AEB218986FC50076CCA3 /* xenherder.h in Headers */,
				A0F6857F1893225C0005BCE2 /* cgi.h in Headers */,
				A0B412EC1898799500A6E780 /* libxenherder.h in Headers */,
			);
			runOnlyForDeploymentPostprocessing = 0;
		};
/* End PBXHeadersBuildPhase section */

/* Begin PBXNativeTarget section */
		A0B4130418988F0400A6E780 /* xlstub */ = {
			isa = PBXNativeTarget;
			buildConfigurationList = A0B4130618988F0400A6E780 /* Build configuration list for PBXNativeTarget "xlstub" */;
			buildPhases = (
				A0B4130118988F0400A6E780 /* Sources */,
				A0B4130218988F0400A6E780 /* Frameworks */,
				A0B4130318988F0400A6E780 /* Headers */,
			);
			buildRules = (
			);
			dependencies = (
			);
			name = xlstub;
			productName = xlstub;
			productReference = A0B4130518988F0400A6E780 /* libxlstub.a */;
			productType = "com.apple.product-type.library.static";
		};
		A0B413121898916200A6E780 /* xenherder-mockup.cgi */ = {
			isa = PBXNativeTarget;
			buildConfigurationList = A0B413191898916300A6E780 /* Build configuration list for PBXNativeTarget "xenherder-mockup.cgi" */;
			buildPhases = (
				A0B4130F1898916200A6E780 /* Sources */,
				A0B413101898916200A6E780 /* Frameworks */,
				A0B413111898916200A6E780 /* CopyFiles */,
			);
			buildRules = (
			);
			dependencies = (
				A0B41320189891A100A6E780 /* PBXTargetDependency */,
				A0B41322189891A100A6E780 /* PBXTargetDependency */,
			);
			name = "xenherder-mockup.cgi";
			productName = "xenherder-mockup.cgi";
			productReference = A0B413131898916200A6E780 /* xenherder-mockup.cgi */;
			productType = "com.apple.product-type.tool";
		};
		A0F685761893220C0005BCE2 /* xenherder */ = {
			isa = PBXNativeTarget;
			buildConfigurationList = A0F685791893220C0005BCE2 /* Build configuration list for PBXNativeTarget "xenherder" */;
			buildPhases = (
				A0F685731893220C0005BCE2 /* Sources */,
				A0F685741893220C0005BCE2 /* Frameworks */,
				A0F685751893220C0005BCE2 /* Headers */,
			);
			buildRules = (
			);
			dependencies = (
				A07C8C1C18A3763B00F8C37C /* PBXTargetDependency */,
				A0B41326189891B100A6E780 /* PBXTargetDependency */,
			);
			name = xenherder;
			productName = xenherder;
			productReference = A0F685771893220C0005BCE2 /* libxenherder.dylib */;
			productType = "com.apple.product-type.library.dynamic";
		};
/* End PBXNativeTarget section */

/* Begin PBXProject section */
		A0D286081892013300A37C4D /* Project object */ = {
			isa = PBXProject;
			attributes = {
				LastUpgradeCheck = 0500;
			};
			buildConfigurationList = A0D2860B1892013300A37C4D /* Build configuration list for PBXProject "xenherder" */;
			compatibilityVersion = "Xcode 3.2";
			developmentRegion = English;
			hasScannedForEncodings = 0;
			knownRegions = (
				en,
			);
			mainGroup = A0D286071892013300A37C4D;
			productRefGroup = A0F685781893220C0005BCE2 /* Products */;
			projectDirPath = "";
			projectReferences = (
				{
					ProductGroup = A0F6855C189201DB0005BCE2 /* Products */;
					ProjectRef = A0F6855B189201DB0005BCE2 /* bindletools.xcodeproj */;
				},
				{
					ProductGroup = A07C8C0A18A3762300F8C37C /* Products */;
					ProjectRef = A07C8C0918A3762300F8C37C /* carrdm.xcodeproj */;
				},
			);
			projectRoot = "";
			targets = (
				A0F685761893220C0005BCE2 /* xenherder */,
				A0B4130418988F0400A6E780 /* xlstub */,
				A0B413121898916200A6E780 /* xenherder-mockup.cgi */,
			);
		};
/* End PBXProject section */

/* Begin PBXReferenceProxy section */
		A07C8C1618A3762300F8C37C /* libcarrdm.a */ = {
			isa = PBXReferenceProxy;
			fileType = archive.ar;
			path = libcarrdm.a;
			remoteRef = A07C8C1518A3762300F8C37C /* PBXContainerItemProxy */;
			sourceTree = BUILT_PRODUCTS_DIR;
		};
		A07C8C1818A3762300F8C37C /* libcarrdm.a */ = {
			isa = PBXReferenceProxy;
			fileType = archive.ar;
			path = libcarrdm.a;
			remoteRef = A07C8C1718A3762300F8C37C /* PBXContainerItemProxy */;
			sourceTree = BUILT_PRODUCTS_DIR;
		};
		A07C8C1A18A3762300F8C37C /* test-array01 */ = {
			isa = PBXReferenceProxy;
			fileType = "compiled.mach-o.executable";
			path = "test-array01";
			remoteRef = A07C8C1918A3762300F8C37C /* PBXContainerItemProxy */;
			sourceTree = BUILT_PRODUCTS_DIR;
		};
		A0F68563189201DB0005BCE2 /* libbindle.a */ = {
			isa = PBXReferenceProxy;
			fileType = archive.ar;
			path = libbindle.a;
			remoteRef = A0F68562189201DB0005BCE2 /* PBXContainerItemProxy */;
			sourceTree = BUILT_PRODUCTS_DIR;
		};
/* End PBXReferenceProxy section */

/* Begin PBXSourcesBuildPhase section */
		A0B4130118988F0400A6E780 /* Sources */ = {
			isa = PBXSourcesBuildPhase;
			buildActionMask = 2147483647;
			files = (
				A0B4130918988F6000A6E780 /* ctx.c in Sources */,
				A0B4132A1898DA6F00A6E780 /* domain.c in Sources */,
				A0B4132F1898E4EF00A6E780 /* physinfo.c in Sources */,
			);
			runOnlyForDeploymentPostprocessing = 0;
		};
		A0B4130F1898916200A6E780 /* Sources */ = {
			isa = PBXSourcesBuildPhase;
			buildActionMask = 2147483647;
			files = (
				A0323995189A2FB6006DA6C1 /* xenherder-mockup.c in Sources */,
			);
			runOnlyForDeploymentPostprocessing = 0;
		};
		A0F685731893220C0005BCE2 /* Sources */ = {
			isa = PBXSourcesBuildPhase;
			buildActionMask = 2147483647;
			files = (
				A0F6857D1893223C0005BCE2 /* cgi.c in Sources */,
				A0F4AEB7189874500076CCA3 /* version.c in Sources */,
				A0E3BAE318B163280037DADD /* file.c in Sources */,
			);
			runOnlyForDeploymentPostprocessing = 0;
		};
/* End PBXSourcesBuildPhase section */

/* Begin PBXTargetDependency section */
		A07C8C1C18A3763B00F8C37C /* PBXTargetDependency */ = {
			isa = PBXTargetDependency;
			name = "carrdm-osx";
			targetProxy = A07C8C1B18A3763B00F8C37C /* PBXContainerItemProxy */;
		};
		A0B41320189891A100A6E780 /* PBXTargetDependency */ = {
			isa = PBXTargetDependency;
			target = A0F685761893220C0005BCE2 /* xenherder */;
			targetProxy = A0B4131F189891A100A6E780 /* PBXContainerItemProxy */;
		};
		A0B41322189891A100A6E780 /* PBXTargetDependency */ = {
			isa = PBXTargetDependency;
			target = A0B4130418988F0400A6E780 /* xlstub */;
			targetProxy = A0B41321189891A100A6E780 /* PBXContainerItemProxy */;
		};
		A0B41326189891B100A6E780 /* PBXTargetDependency */ = {
			isa = PBXTargetDependency;
			target = A0B4130418988F0400A6E780 /* xlstub */;
			targetProxy = A0B41325189891B100A6E780 /* PBXContainerItemProxy */;
		};
/* End PBXTargetDependency section */

/* Begin XCBuildConfiguration section */
		A0B4130718988F0400A6E780 /* Debug */ = {
			isa = XCBuildConfiguration;
			buildSettings = {
				ALWAYS_SEARCH_USER_PATHS = NO;
				CLANG_CXX_LANGUAGE_STANDARD = "gnu++0x";
				CLANG_CXX_LIBRARY = "libc++";
				CLANG_ENABLE_OBJC_ARC = YES;
				CLANG_WARN_BOOL_CONVERSION = YES;
				CLANG_WARN_CONSTANT_CONVERSION = YES;
				CLANG_WARN_DIRECT_OBJC_ISA_USAGE = YES_ERROR;
				CLANG_WARN_EMPTY_BODY = YES;
				CLANG_WARN_ENUM_CONVERSION = YES;
				CLANG_WARN_INT_CONVERSION = YES;
				CLANG_WARN_OBJC_ROOT_CLASS = YES_ERROR;
				CLANG_WARN__DUPLICATE_METHOD_MATCH = YES;
				COPY_PHASE_STRIP = NO;
				EXECUTABLE_PREFIX = lib;
				GCC_C_LANGUAGE_STANDARD = gnu99;
				GCC_DYNAMIC_NO_PIC = NO;
				GCC_ENABLE_OBJC_EXCEPTIONS = YES;
				GCC_OPTIMIZATION_LEVEL = 0;
				GCC_PREPROCESSOR_DEFINITIONS = (
					"DEBUG=1",
					"$(inherited)",
				);
				GCC_SYMBOLS_PRIVATE_EXTERN = NO;
				GCC_WARN_64_TO_32_BIT_CONVERSION = YES;
				GCC_WARN_ABOUT_RETURN_TYPE = YES_ERROR;
				GCC_WARN_UNDECLARED_SELECTOR = YES;
				GCC_WARN_UNINITIALIZED_AUTOS = YES;
				GCC_WARN_UNUSED_FUNCTION = YES;
				GCC_WARN_UNUSED_VARIABLE = YES;
				ONLY_ACTIVE_ARCH = YES;
				PRODUCT_NAME = "$(TARGET_NAME)";
				SDKROOT = macosx;
			};
			name = Debug;
		};
		A0B4130818988F0400A6E780 /* Release */ = {
			isa = XCBuildConfiguration;
			buildSettings = {
				ALWAYS_SEARCH_USER_PATHS = NO;
				CLANG_CXX_LANGUAGE_STANDARD = "gnu++0x";
				CLANG_CXX_LIBRARY = "libc++";
				CLANG_ENABLE_OBJC_ARC = YES;
				CLANG_WARN_BOOL_CONVERSION = YES;
				CLANG_WARN_CONSTANT_CONVERSION = YES;
				CLANG_WARN_DIRECT_OBJC_ISA_USAGE = YES_ERROR;
				CLANG_WARN_EMPTY_BODY = YES;
				CLANG_WARN_ENUM_CONVERSION = YES;
				CLANG_WARN_INT_CONVERSION = YES;
				CLANG_WARN_OBJC_ROOT_CLASS = YES_ERROR;
				CLANG_WARN__DUPLICATE_METHOD_MATCH = YES;
				COPY_PHASE_STRIP = YES;
				DEBUG_INFORMATION_FORMAT = "dwarf-with-dsym";
				ENABLE_NS_ASSERTIONS = NO;
				EXECUTABLE_PREFIX = lib;
				GCC_C_LANGUAGE_STANDARD = gnu99;
				GCC_ENABLE_OBJC_EXCEPTIONS = YES;
				GCC_WARN_64_TO_32_BIT_CONVERSION = YES;
				GCC_WARN_ABOUT_RETURN_TYPE = YES_ERROR;
				GCC_WARN_UNDECLARED_SELECTOR = YES;
				GCC_WARN_UNINITIALIZED_AUTOS = YES;
				GCC_WARN_UNUSED_FUNCTION = YES;
				GCC_WARN_UNUSED_VARIABLE = YES;
				PRODUCT_NAME = "$(TARGET_NAME)";
				SDKROOT = macosx;
			};
			name = Release;
		};
		A0B4131A1898916300A6E780 /* Debug */ = {
			isa = XCBuildConfiguration;
			buildSettings = {
				CLANG_CXX_LANGUAGE_STANDARD = "gnu++0x";
				CLANG_CXX_LIBRARY = "libc++";
				CLANG_ENABLE_OBJC_ARC = YES;
				CLANG_WARN_BOOL_CONVERSION = YES;
				CLANG_WARN_CONSTANT_CONVERSION = YES;
				CLANG_WARN_DIRECT_OBJC_ISA_USAGE = YES_ERROR;
				CLANG_WARN_EMPTY_BODY = YES;
				CLANG_WARN_ENUM_CONVERSION = YES;
				CLANG_WARN_INT_CONVERSION = YES;
				CLANG_WARN_OBJC_ROOT_CLASS = YES_ERROR;
				CLANG_WARN__DUPLICATE_METHOD_MATCH = YES;
				COPY_PHASE_STRIP = NO;
				GCC_C_LANGUAGE_STANDARD = gnu99;
				GCC_DYNAMIC_NO_PIC = NO;
				GCC_ENABLE_OBJC_EXCEPTIONS = YES;
				GCC_OPTIMIZATION_LEVEL = 0;
				GCC_PREPROCESSOR_DEFINITIONS = (
					"DEBUG=1",
					"$(inherited)",
				);
				GCC_SYMBOLS_PRIVATE_EXTERN = NO;
				GCC_WARN_64_TO_32_BIT_CONVERSION = YES;
				GCC_WARN_ABOUT_RETURN_TYPE = YES_ERROR;
				GCC_WARN_UNDECLARED_SELECTOR = YES;
				GCC_WARN_UNINITIALIZED_AUTOS = YES;
				GCC_WARN_UNUSED_FUNCTION = YES;
				GCC_WARN_UNUSED_VARIABLE = YES;
				ONLY_ACTIVE_ARCH = YES;
				PRODUCT_NAME = "$(TARGET_NAME)";
				SDKROOT = macosx;
			};
			name = Debug;
		};
		A0B4131B1898916300A6E780 /* Release */ = {
			isa = XCBuildConfiguration;
			buildSettings = {
				CLANG_CXX_LANGUAGE_STANDARD = "gnu++0x";
				CLANG_CXX_LIBRARY = "libc++";
				CLANG_ENABLE_OBJC_ARC = YES;
				CLANG_WARN_BOOL_CONVERSION = YES;
				CLANG_WARN_CONSTANT_CONVERSION = YES;
				CLANG_WARN_DIRECT_OBJC_ISA_USAGE = YES_ERROR;
				CLANG_WARN_EMPTY_BODY = YES;
				CLANG_WARN_ENUM_CONVERSION = YES;
				CLANG_WARN_INT_CONVERSION = YES;
				CLANG_WARN_OBJC_ROOT_CLASS = YES_ERROR;
				CLANG_WARN__DUPLICATE_METHOD_MATCH = YES;
				COPY_PHASE_STRIP = YES;
				DEBUG_INFORMATION_FORMAT = "dwarf-with-dsym";
				ENABLE_NS_ASSERTIONS = NO;
				GCC_C_LANGUAGE_STANDARD = gnu99;
				GCC_ENABLE_OBJC_EXCEPTIONS = YES;
				GCC_WARN_64_TO_32_BIT_CONVERSION = YES;
				GCC_WARN_ABOUT_RETURN_TYPE = YES_ERROR;
				GCC_WARN_UNDECLARED_SELECTOR = YES;
				GCC_WARN_UNINITIALIZED_AUTOS = YES;
				GCC_WARN_UNUSED_FUNCTION = YES;
				GCC_WARN_UNUSED_VARIABLE = YES;
				PRODUCT_NAME = "$(TARGET_NAME)";
				SDKROOT = macosx;
			};
			name = Release;
		};
		A0D2860C1892013300A37C4D /* Debug */ = {
			isa = XCBuildConfiguration;
			buildSettings = {
				HEADER_SEARCH_PATHS = (
					include,
					include/libxlstub,
				);
			};
			name = Debug;
		};
		A0D2860D1892013300A37C4D /* Release */ = {
			isa = XCBuildConfiguration;
			buildSettings = {
				HEADER_SEARCH_PATHS = (
					include,
					include/libxlstub,
				);
			};
			name = Release;
		};
		A0F6857A1893220C0005BCE2 /* Debug */ = {
			isa = XCBuildConfiguration;
			buildSettings = {
				ALWAYS_SEARCH_USER_PATHS = NO;
				CLANG_CXX_LANGUAGE_STANDARD = "gnu++0x";
				CLANG_CXX_LIBRARY = "libc++";
				CLANG_ENABLE_OBJC_ARC = YES;
				CLANG_WARN_BOOL_CONVERSION = YES;
				CLANG_WARN_CONSTANT_CONVERSION = YES;
				CLANG_WARN_DIRECT_OBJC_ISA_USAGE = YES_ERROR;
				CLANG_WARN_EMPTY_BODY = YES;
				CLANG_WARN_ENUM_CONVERSION = YES;
				CLANG_WARN_INT_CONVERSION = YES;
				CLANG_WARN_OBJC_ROOT_CLASS = YES_ERROR;
				CLANG_WARN__DUPLICATE_METHOD_MATCH = YES;
				COPY_PHASE_STRIP = NO;
				EXECUTABLE_PREFIX = lib;
				GCC_C_LANGUAGE_STANDARD = gnu99;
				GCC_DYNAMIC_NO_PIC = NO;
				GCC_ENABLE_OBJC_EXCEPTIONS = YES;
				GCC_OPTIMIZATION_LEVEL = 0;
				GCC_PREPROCESSOR_DEFINITIONS = (
					"DEBUG=1",
					"$(inherited)",
				);
				GCC_SYMBOLS_PRIVATE_EXTERN = NO;
				GCC_WARN_64_TO_32_BIT_CONVERSION = YES;
				GCC_WARN_ABOUT_RETURN_TYPE = YES_ERROR;
				GCC_WARN_UNDECLARED_SELECTOR = YES;
				GCC_WARN_UNINITIALIZED_AUTOS = YES;
				GCC_WARN_UNUSED_FUNCTION = YES;
				GCC_WARN_UNUSED_VARIABLE = YES;
				ONLY_ACTIVE_ARCH = YES;
				PRODUCT_NAME = "$(TARGET_NAME)";
				SDKROOT = macosx;
			};
			name = Debug;
		};
		A0F6857B1893220C0005BCE2 /* Release */ = {
			isa = XCBuildConfiguration;
			buildSettings = {
				ALWAYS_SEARCH_USER_PATHS = NO;
				CLANG_CXX_LANGUAGE_STANDARD = "gnu++0x";
				CLANG_CXX_LIBRARY = "libc++";
				CLANG_ENABLE_OBJC_ARC = YES;
				CLANG_WARN_BOOL_CONVERSION = YES;
				CLANG_WARN_CONSTANT_CONVERSION = YES;
				CLANG_WARN_DIRECT_OBJC_ISA_USAGE = YES_ERROR;
				CLANG_WARN_EMPTY_BODY = YES;
				CLANG_WARN_ENUM_CONVERSION = YES;
				CLANG_WARN_INT_CONVERSION = YES;
				CLANG_WARN_OBJC_ROOT_CLASS = YES_ERROR;
				CLANG_WARN__DUPLICATE_METHOD_MATCH = YES;
				COPY_PHASE_STRIP = YES;
				DEBUG_INFORMATION_FORMAT = "dwarf-with-dsym";
				ENABLE_NS_ASSERTIONS = NO;
				EXECUTABLE_PREFIX = lib;
				GCC_C_LANGUAGE_STANDARD = gnu99;
				GCC_ENABLE_OBJC_EXCEPTIONS = YES;
				GCC_WARN_64_TO_32_BIT_CONVERSION = YES;
				GCC_WARN_ABOUT_RETURN_TYPE = YES_ERROR;
				GCC_WARN_UNDECLARED_SELECTOR = YES;
				GCC_WARN_UNINITIALIZED_AUTOS = YES;
				GCC_WARN_UNUSED_FUNCTION = YES;
				GCC_WARN_UNUSED_VARIABLE = YES;
				PRODUCT_NAME = "$(TARGET_NAME)";
				SDKROOT = macosx;
			};
			name = Release;
		};
/* End XCBuildConfiguration section */

/* Begin XCConfigurationList section */
		A0B4130618988F0400A6E780 /* Build configuration list for PBXNativeTarget "xlstub" */ = {
			isa = XCConfigurationList;
			buildConfigurations = (
				A0B4130718988F0400A6E780 /* Debug */,
				A0B4130818988F0400A6E780 /* Release */,
			);
			defaultConfigurationIsVisible = 0;
			defaultConfigurationName = Release;
		};
		A0B413191898916300A6E780 /* Build configuration list for PBXNativeTarget "xenherder-mockup.cgi" */ = {
			isa = XCConfigurationList;
			buildConfigurations = (
				A0B4131A1898916300A6E780 /* Debug */,
				A0B4131B1898916300A6E780 /* Release */,
			);
			defaultConfigurationIsVisible = 0;
			defaultConfigurationName = Release;
		};
		A0D2860B1892013300A37C4D /* Build configuration list for PBXProject "xenherder" */ = {
			isa = XCConfigurationList;
			buildConfigurations = (
				A0D2860C1892013300A37C4D /* Debug */,
				A0D2860D1892013300A37C4D /* Release */,
			);
			defaultConfigurationIsVisible = 0;
			defaultConfigurationName = Release;
		};
		A0F685791893220C0005BCE2 /* Build configuration list for PBXNativeTarget "xenherder" */ = {
			isa = XCConfigurationList;
			buildConfigurations = (
				A0F6857A1893220C0005BCE2 /* Debug */,
				A0F6857B1893220C0005BCE2 /* Release */,
			);
			defaultConfigurationIsVisible = 0;
			defaultConfigurationName = Release;
		};
/* End XCConfigurationList section */
	};
	rootObject = A0D286081892013300A37C4D /* Project object */;
}
