// !$*UTF8*$!
{
	archiveVersion = 1;
	classes = {
	};
	objectVersion = 46;
	objects = {

/* Begin PBXContainerItemProxy section */
		A0F68562189201DB0005BCE2 /* PBXContainerItemProxy */ = {
			isa = PBXContainerItemProxy;
			containerPortal = A0F6855B189201DB0005BCE2 /* bindletools.xcodeproj */;
			proxyType = 2;
			remoteGlobalIDString = A01156E9175B0118008E66FA;
			remoteInfo = bindle;
		};
/* End PBXContainerItemProxy section */

/* Begin PBXFileReference section */
		A0F684D1189201730005BCE2 /* AUTHORS */ = {isa = PBXFileReference; lastKnownFileType = text; path = AUTHORS; sourceTree = "<group>"; };
		A0F684D2189201730005BCE2 /* COPYING */ = {isa = PBXFileReference; lastKnownFileType = text; path = COPYING; sourceTree = "<group>"; };
		A0F684D3189201730005BCE2 /* ChangeLog */ = {isa = PBXFileReference; lastKnownFileType = text; path = ChangeLog; sourceTree = "<group>"; };
		A0F684D5189201730005BCE2 /* Makefile.am */ = {isa = PBXFileReference; explicitFileType = sourcecode.make; indentWidth = 8; path = Makefile.am; sourceTree = "<group>"; tabWidth = 8; usesTabs = 1; };
		A0F684D7189201730005BCE2 /* NEWS */ = {isa = PBXFileReference; lastKnownFileType = text; path = NEWS; sourceTree = "<group>"; };
		A0F684D9189201730005BCE2 /* README.md */ = {isa = PBXFileReference; lastKnownFileType = text; path = README.md; sourceTree = "<group>"; };
		A0F684DA189201730005BCE2 /* acinclude.m4 */ = {isa = PBXFileReference; explicitFileType = text.script; path = acinclude.m4; sourceTree = "<group>"; };
		A0F684DC189201730005BCE2 /* autogen.sh */ = {isa = PBXFileReference; lastKnownFileType = text.script.sh; path = autogen.sh; sourceTree = "<group>"; };
		A0F684E3189201730005BCE2 /* git-tar-name.txt */ = {isa = PBXFileReference; lastKnownFileType = text; path = "git-tar-name.txt"; sourceTree = "<group>"; };
		A0F684EB189201730005BCE2 /* configure.ac */ = {isa = PBXFileReference; explicitFileType = text.script; path = configure.ac; sourceTree = "<group>"; };
		A0F68536189201730005BCE2 /* cgi-pathinfo.md */ = {isa = PBXFileReference; lastKnownFileType = text; path = "cgi-pathinfo.md"; sourceTree = "<group>"; };
		A0F68537189201730005BCE2 /* terms.md */ = {isa = PBXFileReference; lastKnownFileType = text; path = terms.md; sourceTree = "<group>"; };
		A0F68549189201730005BCE2 /* Makefile */ = {isa = PBXFileReference; indentWidth = 8; lastKnownFileType = sourcecode.make; path = Makefile; sourceTree = "<group>"; tabWidth = 8; usesTabs = 1; };
		A0F6854A189201730005BCE2 /* asc.gif */ = {isa = PBXFileReference; lastKnownFileType = image.gif; path = asc.gif; sourceTree = "<group>"; };
		A0F6854B189201730005BCE2 /* bg.gif */ = {isa = PBXFileReference; lastKnownFileType = image.gif; path = bg.gif; sourceTree = "<group>"; };
		A0F6854C189201730005BCE2 /* desc.gif */ = {isa = PBXFileReference; lastKnownFileType = image.gif; path = desc.gif; sourceTree = "<group>"; };
		A0F6854D189201730005BCE2 /* jquery.min.js */ = {isa = PBXFileReference; lastKnownFileType = sourcecode.javascript; path = jquery.min.js; sourceTree = "<group>"; };
		A0F6854E189201730005BCE2 /* jquery.tablesorter.min.js */ = {isa = PBXFileReference; lastKnownFileType = sourcecode.javascript; path = jquery.tablesorter.min.js; sourceTree = "<group>"; };
		A0F6854F189201730005BCE2 /* xenherder-cgi.c */ = {isa = PBXFileReference; lastKnownFileType = sourcecode.c.c; path = "xenherder-cgi.c"; sourceTree = "<group>"; };
		A0F68550189201730005BCE2 /* xenherder.css */ = {isa = PBXFileReference; indentWidth = 8; lastKnownFileType = text.css; path = xenherder.css; sourceTree = "<group>"; tabWidth = 8; usesTabs = 1; };
		A0F68551189201730005BCE2 /* xenherder.html */ = {isa = PBXFileReference; indentWidth = 2; lastKnownFileType = text.html; path = xenherder.html; sourceTree = "<group>"; tabWidth = 2; };
		A0F68552189201730005BCE2 /* xenherder.js */ = {isa = PBXFileReference; lastKnownFileType = sourcecode.javascript; path = xenherder.js; sourceTree = "<group>"; };
		A0F68553189201730005BCE2 /* xenherder.min.css */ = {isa = PBXFileReference; lastKnownFileType = text.css; path = xenherder.min.css; sourceTree = "<group>"; };
		A0F68554189201730005BCE2 /* xenherder.min.js */ = {isa = PBXFileReference; lastKnownFileType = sourcecode.javascript; path = xenherder.min.js; sourceTree = "<group>"; };
		A0F6855B189201DB0005BCE2 /* bindletools.xcodeproj */ = {isa = PBXFileReference; lastKnownFileType = "wrapper.pb-project"; name = bindletools.xcodeproj; path = bindletools/bindletools.xcodeproj; sourceTree = "<group>"; };
/* End PBXFileReference section */

/* Begin PBXGroup section */
		A0D286071892013300A37C4D = {
			isa = PBXGroup;
			children = (
				A0F684CE189201730005BCE2 /* xenherder */,
			);
			sourceTree = "<group>";
		};
		A0F684CE189201730005BCE2 /* xenherder */ = {
			isa = PBXGroup;
			children = (
				A0F684D1189201730005BCE2 /* AUTHORS */,
				A0F684D2189201730005BCE2 /* COPYING */,
				A0F684D3189201730005BCE2 /* ChangeLog */,
				A0F684D5189201730005BCE2 /* Makefile.am */,
				A0F684D7189201730005BCE2 /* NEWS */,
				A0F684D9189201730005BCE2 /* README.md */,
				A0F684DA189201730005BCE2 /* acinclude.m4 */,
				A0F684DC189201730005BCE2 /* autogen.sh */,
				A0F684EB189201730005BCE2 /* configure.ac */,
				A0F684DE189201730005BCE2 /* build-aux */,
				A0F684EC189201730005BCE2 /* contrib */,
				A0F68535189201730005BCE2 /* docs */,
				A0F6853C189201730005BCE2 /* include */,
				A0F68541189201730005BCE2 /* m4 */,
				A0F68548189201730005BCE2 /* src */,
			);
			name = xenherder;
			path = ..;
			sourceTree = "<group>";
		};
		A0F684DE189201730005BCE2 /* build-aux */ = {
			isa = PBXGroup;
			children = (
				A0F684E3189201730005BCE2 /* git-tar-name.txt */,
			);
			path = "build-aux";
			sourceTree = "<group>";
		};
		A0F684EC189201730005BCE2 /* contrib */ = {
			isa = PBXGroup;
			children = (
				A0F6855B189201DB0005BCE2 /* bindletools.xcodeproj */,
			);
			path = contrib;
			sourceTree = "<group>";
		};
		A0F68535189201730005BCE2 /* docs */ = {
			isa = PBXGroup;
			children = (
				A0F68536189201730005BCE2 /* cgi-pathinfo.md */,
				A0F68537189201730005BCE2 /* terms.md */,
			);
			path = docs;
			sourceTree = "<group>";
		};
		A0F6853C189201730005BCE2 /* include */ = {
			isa = PBXGroup;
			children = (
			);
			path = include;
			sourceTree = "<group>";
		};
		A0F68541189201730005BCE2 /* m4 */ = {
			isa = PBXGroup;
			children = (
			);
			path = m4;
			sourceTree = "<group>";
		};
		A0F68548189201730005BCE2 /* src */ = {
			isa = PBXGroup;
			children = (
				A0F68549189201730005BCE2 /* Makefile */,
				A0F6854A189201730005BCE2 /* asc.gif */,
				A0F6854B189201730005BCE2 /* bg.gif */,
				A0F6854C189201730005BCE2 /* desc.gif */,
				A0F6854D189201730005BCE2 /* jquery.min.js */,
				A0F6854E189201730005BCE2 /* jquery.tablesorter.min.js */,
				A0F6854F189201730005BCE2 /* xenherder-cgi.c */,
				A0F68550189201730005BCE2 /* xenherder.css */,
				A0F68551189201730005BCE2 /* xenherder.html */,
				A0F68552189201730005BCE2 /* xenherder.js */,
				A0F68553189201730005BCE2 /* xenherder.min.css */,
				A0F68554189201730005BCE2 /* xenherder.min.js */,
			);
			path = src;
			sourceTree = "<group>";
		};
		A0F6855C189201DB0005BCE2 /* Products */ = {
			isa = PBXGroup;
			children = (
				A0F68563189201DB0005BCE2 /* libbindle.a */,
			);
			name = Products;
			sourceTree = "<group>";
		};
/* End PBXGroup section */

/* Begin PBXProject section */
		A0D286081892013300A37C4D /* Project object */ = {
			isa = PBXProject;
			attributes = {
				LastUpgradeCheck = 0500;
			};
			buildConfigurationList = A0D2860B1892013300A37C4D /* Build configuration list for PBXProject "xenherder" */;
			compatibilityVersion = "Xcode 3.2";
			developmentRegion = English;
			hasScannedForEncodings = 0;
			knownRegions = (
				en,
			);
			mainGroup = A0D286071892013300A37C4D;
			projectDirPath = "";
			projectReferences = (
				{
					ProductGroup = A0F6855C189201DB0005BCE2 /* Products */;
					ProjectRef = A0F6855B189201DB0005BCE2 /* bindletools.xcodeproj */;
				},
			);
			projectRoot = "";
			targets = (
			);
		};
/* End PBXProject section */

/* Begin PBXReferenceProxy section */
		A0F68563189201DB0005BCE2 /* libbindle.a */ = {
			isa = PBXReferenceProxy;
			fileType = archive.ar;
			path = libbindle.a;
			remoteRef = A0F68562189201DB0005BCE2 /* PBXContainerItemProxy */;
			sourceTree = BUILT_PRODUCTS_DIR;
		};
/* End PBXReferenceProxy section */

/* Begin XCBuildConfiguration section */
		A0D2860C1892013300A37C4D /* Debug */ = {
			isa = XCBuildConfiguration;
			buildSettings = {
			};
			name = Debug;
		};
		A0D2860D1892013300A37C4D /* Release */ = {
			isa = XCBuildConfiguration;
			buildSettings = {
			};
			name = Release;
		};
/* End XCBuildConfiguration section */

/* Begin XCConfigurationList section */
		A0D2860B1892013300A37C4D /* Build configuration list for PBXProject "xenherder" */ = {
			isa = XCConfigurationList;
			buildConfigurations = (
				A0D2860C1892013300A37C4D /* Debug */,
				A0D2860D1892013300A37C4D /* Release */,
			);
			defaultConfigurationIsVisible = 0;
			defaultConfigurationName = Release;
		};
/* End XCConfigurationList section */
	};
	rootObject = A0D286081892013300A37C4D /* Project object */;
}
